
Microsoft Visual Studio Solution File, Format Version 12.00
# Visual Studio 15
VisualStudioVersion = 15.0.27130.2036
MinimumVisualStudioVersion = 10.0.40219.1
Project("{FAE04EC0-301F-11D3-BF4B-00C04F79EFBC}") = "AlmVR.Client", "AlmVR.Client\AlmVR.Client.csproj", "{4FCFB33C-D922-4C31-8BD7-A78FB03268AC}"
EndProject
Project("{FAE04EC0-301F-11D3-BF4B-00C04F79EFBC}") = "AlmVR.Client.Core", "AlmVR.Client.Core\AlmVR.Client.Core.csproj", "{320F328D-7826-49B0-83D1-F61546B7546E}"
EndProject
Project("{FAE04EC0-301F-11D3-BF4B-00C04F79EFBC}") = "AlmVR.Client.Demo", "AlmVR.Client.Demo\AlmVR.Client.Demo.csproj", "{0B3E8783-3D97-4082-B076-FE4CDF84B38C}"
EndProject
Project("{FAE04EC0-301F-11D3-BF4B-00C04F79EFBC}") = "AlmVR.Client.Providers.SignalR", "AlmVR.Client.Providers.SignalR\AlmVR.Client.Providers.SignalR.csproj", "{03CDB95E-952A-4AF8-BC8E-5DC23C3A1D6C}"
EndProject
Project("{D954291E-2A0B-460D-934E-DC6B0785DB48}") = "AlmVR.Common.Models", "..\AlmVR.Common.Models\AlmVR.Common.Models\AlmVR.Common.Models.shproj", "{04BB357C-92F3-40CC-B74A-09C49CF7B2DD}"
EndProject
Project("{FAE04EC0-301F-11D3-BF4B-00C04F79EFBC}") = "AlmVR.Common.Models.Full", "..\AlmVR.Common.Models\AlmVR.Common.Models.Full\AlmVR.Common.Models.Full.csproj", "{84BFFB34-7C00-40C2-B843-37069732BF3A}"
EndProject
Global
	GlobalSection(SharedMSBuildProjectFiles) = preSolution
		..\AlmVR.Common.Models\AlmVR.Common.Models\AlmVR.Common.Models.projitems*{04bb357c-92f3-40cc-b74a-09c49cf7b2dd}*SharedItemsImports = 13
		..\AlmVR.Common.Models\AlmVR.Common.Models\AlmVR.Common.Models.projitems*{84bffb34-7c00-40c2-b843-37069732bf3a}*SharedItemsImports = 4
	EndGlobalSection
	GlobalSection(SolutionConfigurationPlatforms) = preSolution
		Debug|Any CPU = Debug|Any CPU
		Release|Any CPU = Release|Any CPU
	EndGlobalSection
	GlobalSection(ProjectConfigurationPlatforms) = postSolution
		{4FCFB33C-D922-4C31-8BD7-A78FB03268AC}.Debug|Any CPU.ActiveCfg = Debug|Any CPU
		{4FCFB33C-D922-4C31-8BD7-A78FB03268AC}.Debug|Any CPU.Build.0 = Debug|Any CPU
		{4FCFB33C-D922-4C31-8BD7-A78FB03268AC}.Release|Any CPU.ActiveCfg = Release|Any CPU
		{4FCFB33C-D922-4C31-8BD7-A78FB03268AC}.Release|Any CPU.Build.0 = Release|Any CPU
		{320F328D-7826-49B0-83D1-F61546B7546E}.Debug|Any CPU.ActiveCfg = Debug|Any CPU
		{320F328D-7826-49B0-83D1-F61546B7546E}.Debug|Any CPU.Build.0 = Debug|Any CPU
		{320F328D-7826-49B0-83D1-F61546B7546E}.Release|Any CPU.ActiveCfg = Release|Any CPU
		{320F328D-7826-49B0-83D1-F61546B7546E}.Release|Any CPU.Build.0 = Release|Any CPU
		{0B3E8783-3D97-4082-B076-FE4CDF84B38C}.Debug|Any CPU.ActiveCfg = Debug|Any CPU
		{0B3E8783-3D97-4082-B076-FE4CDF84B38C}.Debug|Any CPU.Build.0 = Debug|Any CPU
		{0B3E8783-3D97-4082-B076-FE4CDF84B38C}.Release|Any CPU.ActiveCfg = Release|Any CPU
		{0B3E8783-3D97-4082-B076-FE4CDF84B38C}.Release|Any CPU.Build.0 = Release|Any CPU
		{03CDB95E-952A-4AF8-BC8E-5DC23C3A1D6C}.Debug|Any CPU.ActiveCfg = Debug|Any CPU
		{03CDB95E-952A-4AF8-BC8E-5DC23C3A1D6C}.Debug|Any CPU.Build.0 = Debug|Any CPU
		{03CDB95E-952A-4AF8-BC8E-5DC23C3A1D6C}.Release|Any CPU.ActiveCfg = Release|Any CPU
		{03CDB95E-952A-4AF8-BC8E-5DC23C3A1D6C}.Release|Any CPU.Build.0 = Release|Any CPU
		{84BFFB34-7C00-40C2-B843-37069732BF3A}.Debug|Any CPU.ActiveCfg = Debug|Any CPU
		{84BFFB34-7C00-40C2-B843-37069732BF3A}.Debug|Any CPU.Build.0 = Debug|Any CPU
		{84BFFB34-7C00-40C2-B843-37069732BF3A}.Release|Any CPU.ActiveCfg = Release|Any CPU
		{84BFFB34-7C00-40C2-B843-37069732BF3A}.Release|Any CPU.Build.0 = Release|Any CPU
	EndGlobalSection
	GlobalSection(SolutionProperties) = preSolution
		HideSolutionNode = FALSE
	EndGlobalSection
	GlobalSection(ExtensibilityGlobals) = postSolution
		SolutionGuid = {0D20A99C-725A-4424-8B1D-A5E9A3E0E319}
	EndGlobalSection
EndGlobal
